# THIS IS AN AUTOGENERATED FILE. DO NOT EDIT THIS FILE DIRECTLY.
# yarn lockfile v1


"@nousantx/tenoxui-styler@^0.1.7":
  version "0.1.7"
  resolved "https://registry.yarnpkg.com/@nousantx/tenoxui-styler/-/tenoxui-styler-0.1.7.tgz#74248543f3aae69f767be8a2fbcfe9f0c20ddb99"
  integrity sha512-zVQiERgEl2LXlyR/9kVGeEAZIagN+hyP0sMNOb8oBT80e+SiYXYazpIJ/6S0nUVo5SEz53708DRIu04Lsiv3Jg==

"@tenoxui/core@^1.3.1":
  version "1.3.1"
  resolved "https://registry.yarnpkg.com/@tenoxui/core/-/core-1.3.1.tgz#74c0ba9ef7f163eb1335566ae7642a9bfdf833d4"
  integrity sha512-eyablgEbLRTpQOf+YLXGjUt3660uyOSicm1k6j6cFYUiMMC0ntpi9cxZoHfa8TB/XiFd3R55dLhV+8yZeJvhlA==

"@tenoxui/property@^1.4.5":
  version "1.4.5"
  resolved "https://registry.yarnpkg.com/@tenoxui/property/-/property-1.4.5.tgz#d892398adada12b0f9692b050dea851ce65ffbdf"
  integrity sha512-hAaQTiqPh785Yay7LtGXu4t5ThoH9PVZK1Xd5G6NLh6tO3fBgzLv2n0HIGNAiSVd3Fe4N9OwSMNtMQAKR4RFLw==
